
Microsoft Visual Studio Solution File, Format Version 12.00
# Visual Studio 2013
VisualStudioVersion = 12.0.30501.0
MinimumVisualStudioVersion = 10.0.40219.1
Project("{8BC9CEB8-8B4A-11D0-8D11-00A0C91BC942}") = "全局键盘钩子", "全局键盘钩子\全局键盘钩子.vcxproj", "{12B868BC-B6C4-48A0-B765-F7EE6973B9A7}"
EndProject
Global
	GlobalSection(SolutionConfigurationPlatforms) = preSolution
		Debug|Win32 = Debug|Win32
		Release|Win32 = Release|Win32
	EndGlobalSection
	GlobalSection(ProjectConfigurationPlatforms) = postSolution
		{12B868BC-B6C4-48A0-B765-F7EE6973B9A7}.Debug|Win32.ActiveCfg = Debug|Win32
		{12B868BC-B6C4-48A0-B765-F7EE6973B9A7}.Debug|Win32.Build.0 = Debug|Win32
		{12B868BC-B6C4-48A0-B765-F7EE6973B9A7}.Release|Win32.ActiveCfg = Release|Win32
		{12B868BC-B6C4-48A0-B765-F7EE6973B9A7}.Release|Win32.Build.0 = Release|Win32
	EndGlobalSection
	GlobalSection(SolutionProperties) = preSolution
		HideSolutionNode = FALSE
	EndGlobalSection
EndGlobal
